
Microsoft Visual Studio Solution File, Format Version 12.00
# Visual Studio 14
VisualStudioVersion = 14.0.24720.0
MinimumVisualStudioVersion = 10.0.40219.1
Project("{FAE04EC0-301F-11D3-BF4B-00C04F79EFBC}") = "HyrjChina.Core", "HyrjChina.Core\HyrjChina.Core.csproj", "{08BB9803-4123-47AC-A1FB-41EB3CDDFA29}"
EndProject
Project("{FAE04EC0-301F-11D3-BF4B-00C04F79EFBC}") = "HyrjChina.Data", "HyrjChina.Data\HyrjChina.Data.csproj", "{A9552436-8E8F-474A-9A14-ED9124EE4270}"
EndProject
Project("{FAE04EC0-301F-11D3-BF4B-00C04F79EFBC}") = "HyrjChina.Service", "HyrjChina.Service\HyrjChina.Service.csproj", "{7EE77CFC-676C-46C3-8002-877C89882EFD}"
EndProject
Project("{FAE04EC0-301F-11D3-BF4B-00C04F79EFBC}") = "HyrjChina.Web", "HyrjChina.Web\HyrjChina.Web.csproj", "{72298408-644A-4E2B-BEAC-D4E082C6E2A6}"
EndProject
Project("{FAE04EC0-301F-11D3-BF4B-00C04F79EFBC}") = "HyrjChina.Web.Framework", "HyrjChina.Web.Framework\HyrjChina.Web.Framework.csproj", "{0D456168-D492-4F77-BA3A-6B79A4C92CA9}"
EndProject
Global
	GlobalSection(SolutionConfigurationPlatforms) = preSolution
		Debug|Any CPU = Debug|Any CPU
		Release|Any CPU = Release|Any CPU
	EndGlobalSection
	GlobalSection(ProjectConfigurationPlatforms) = postSolution
		{08BB9803-4123-47AC-A1FB-41EB3CDDFA29}.Debug|Any CPU.ActiveCfg = Debug|Any CPU
		{08BB9803-4123-47AC-A1FB-41EB3CDDFA29}.Debug|Any CPU.Build.0 = Debug|Any CPU
		{08BB9803-4123-47AC-A1FB-41EB3CDDFA29}.Release|Any CPU.ActiveCfg = Release|Any CPU
		{08BB9803-4123-47AC-A1FB-41EB3CDDFA29}.Release|Any CPU.Build.0 = Release|Any CPU
		{A9552436-8E8F-474A-9A14-ED9124EE4270}.Debug|Any CPU.ActiveCfg = Debug|Any CPU
		{A9552436-8E8F-474A-9A14-ED9124EE4270}.Debug|Any CPU.Build.0 = Debug|Any CPU
		{A9552436-8E8F-474A-9A14-ED9124EE4270}.Release|Any CPU.ActiveCfg = Release|Any CPU
		{A9552436-8E8F-474A-9A14-ED9124EE4270}.Release|Any CPU.Build.0 = Release|Any CPU
		{7EE77CFC-676C-46C3-8002-877C89882EFD}.Debug|Any CPU.ActiveCfg = Debug|Any CPU
		{7EE77CFC-676C-46C3-8002-877C89882EFD}.Debug|Any CPU.Build.0 = Debug|Any CPU
		{7EE77CFC-676C-46C3-8002-877C89882EFD}.Release|Any CPU.ActiveCfg = Release|Any CPU
		{7EE77CFC-676C-46C3-8002-877C89882EFD}.Release|Any CPU.Build.0 = Release|Any CPU
		{72298408-644A-4E2B-BEAC-D4E082C6E2A6}.Debug|Any CPU.ActiveCfg = Debug|Any CPU
		{72298408-644A-4E2B-BEAC-D4E082C6E2A6}.Debug|Any CPU.Build.0 = Debug|Any CPU
		{72298408-644A-4E2B-BEAC-D4E082C6E2A6}.Release|Any CPU.ActiveCfg = Release|Any CPU
		{72298408-644A-4E2B-BEAC-D4E082C6E2A6}.Release|Any CPU.Build.0 = Release|Any CPU
		{0D456168-D492-4F77-BA3A-6B79A4C92CA9}.Debug|Any CPU.ActiveCfg = Debug|Any CPU
		{0D456168-D492-4F77-BA3A-6B79A4C92CA9}.Debug|Any CPU.Build.0 = Debug|Any CPU
		{0D456168-D492-4F77-BA3A-6B79A4C92CA9}.Release|Any CPU.ActiveCfg = Release|Any CPU
		{0D456168-D492-4F77-BA3A-6B79A4C92CA9}.Release|Any CPU.Build.0 = Release|Any CPU
	EndGlobalSection
	GlobalSection(SolutionProperties) = preSolution
		HideSolutionNode = FALSE
	EndGlobalSection
EndGlobal
