
Microsoft Visual Studio Solution File, Format Version 12.00
# Visual Studio 14
VisualStudioVersion = 14.0.24720.0
MinimumVisualStudioVersion = 10.0.40219.1
Project("{FAE04EC0-301F-11D3-BF4B-00C04F79EFBC}") = "HyrjChina.Web", "HyrjChina.Web\HyrjChina.Web.csproj", "{54E0B916-359D-47A0-AE53-A73077E171CF}"
EndProject
Project("{FAE04EC0-301F-11D3-BF4B-00C04F79EFBC}") = "HyrjChina.Admin", "HyrjChina.Admin\HyrjChina.Admin.csproj", "{54601E92-9F04-4A4B-8027-89F7981DFF11}"
EndProject
Global
	GlobalSection(SolutionConfigurationPlatforms) = preSolution
		Debug|Any CPU = Debug|Any CPU
		Release|Any CPU = Release|Any CPU
	EndGlobalSection
	GlobalSection(ProjectConfigurationPlatforms) = postSolution
		{54E0B916-359D-47A0-AE53-A73077E171CF}.Debug|Any CPU.ActiveCfg = Debug|Any CPU
		{54E0B916-359D-47A0-AE53-A73077E171CF}.Debug|Any CPU.Build.0 = Debug|Any CPU
		{54E0B916-359D-47A0-AE53-A73077E171CF}.Release|Any CPU.ActiveCfg = Release|Any CPU
		{54E0B916-359D-47A0-AE53-A73077E171CF}.Release|Any CPU.Build.0 = Release|Any CPU
		{54601E92-9F04-4A4B-8027-89F7981DFF11}.Debug|Any CPU.ActiveCfg = Debug|Any CPU
		{54601E92-9F04-4A4B-8027-89F7981DFF11}.Debug|Any CPU.Build.0 = Debug|Any CPU
		{54601E92-9F04-4A4B-8027-89F7981DFF11}.Release|Any CPU.ActiveCfg = Release|Any CPU
		{54601E92-9F04-4A4B-8027-89F7981DFF11}.Release|Any CPU.Build.0 = Release|Any CPU
	EndGlobalSection
	GlobalSection(SolutionProperties) = preSolution
		HideSolutionNode = FALSE
	EndGlobalSection
EndGlobal
